
Microsoft Visual Studio Solution File, Format Version 12.00
Project("{FAE04EC0-301F-11D3-BF4B-00C04F79EFBC}") = "WebSocketExample.Server", "WebSocketExample.Server\WebSocketExample.Server.csproj", "{8E947CFC-B21F-4F43-818D-2F6BE8466330}"
EndProject
Project("{FAE04EC0-301F-11D3-BF4B-00C04F79EFBC}") = "WebSocketExample.Domain", "WebSocketExample.Domain\WebSocketExample.Domain.csproj", "{1E816F18-159B-4C7F-94C9-3D3EC226DEAA}"
EndProject
Project("{2150E333-8FDC-42A3-9474-1A3956D46DE8}") = "server", "server", "{834FDC21-A4F8-4C22-93CC-3AC6908F0998}"
EndProject
Global
	GlobalSection(SolutionConfigurationPlatforms) = preSolution
		Debug|Any CPU = Debug|Any CPU
		Release|Any CPU = Release|Any CPU
	EndGlobalSection
	GlobalSection(ProjectConfigurationPlatforms) = postSolution
		{8E947CFC-B21F-4F43-818D-2F6BE8466330}.Debug|Any CPU.ActiveCfg = Debug|Any CPU
		{8E947CFC-B21F-4F43-818D-2F6BE8466330}.Debug|Any CPU.Build.0 = Debug|Any CPU
		{8E947CFC-B21F-4F43-818D-2F6BE8466330}.Release|Any CPU.ActiveCfg = Release|Any CPU
		{8E947CFC-B21F-4F43-818D-2F6BE8466330}.Release|Any CPU.Build.0 = Release|Any CPU
		{1E816F18-159B-4C7F-94C9-3D3EC226DEAA}.Debug|Any CPU.ActiveCfg = Debug|Any CPU
		{1E816F18-159B-4C7F-94C9-3D3EC226DEAA}.Debug|Any CPU.Build.0 = Debug|Any CPU
		{1E816F18-159B-4C7F-94C9-3D3EC226DEAA}.Release|Any CPU.ActiveCfg = Release|Any CPU
		{1E816F18-159B-4C7F-94C9-3D3EC226DEAA}.Release|Any CPU.Build.0 = Release|Any CPU
	EndGlobalSection
	GlobalSection(NestedProjects) = preSolution
		{1E816F18-159B-4C7F-94C9-3D3EC226DEAA} = {834FDC21-A4F8-4C22-93CC-3AC6908F0998}
		{8E947CFC-B21F-4F43-818D-2F6BE8466330} = {834FDC21-A4F8-4C22-93CC-3AC6908F0998}
	EndGlobalSection
EndGlobal
